
Microsoft Visual Studio Solution File, Format Version 12.00
Project("{FAE04EC0-301F-11D3-BF4B-00C04F79EFBC}") = "TestNativeVSCharp", "TestNativeVSCharp\TestNativeVSCharp.csproj", "{12913B5C-BF3E-418C-86EC-72EF9782771C}"
EndProject
Global
	GlobalSection(SolutionConfigurationPlatforms) = preSolution
		Debug|Any CPU = Debug|Any CPU
		Release|Any CPU = Release|Any CPU
	EndGlobalSection
	GlobalSection(ProjectConfigurationPlatforms) = postSolution
		{12913B5C-BF3E-418C-86EC-72EF9782771C}.Debug|Any CPU.ActiveCfg = Debug|Any CPU
		{12913B5C-BF3E-418C-86EC-72EF9782771C}.Debug|Any CPU.Build.0 = Debug|Any CPU
		{12913B5C-BF3E-418C-86EC-72EF9782771C}.Release|Any CPU.ActiveCfg = Release|Any CPU
		{12913B5C-BF3E-418C-86EC-72EF9782771C}.Release|Any CPU.Build.0 = Release|Any CPU
	EndGlobalSection
EndGlobal
